// !$*UTF8*$!
{
	archiveVersion = 1;
	classes = {
	};
	objectVersion = 46;
	objects = {

/* Begin PBXBuildFile section */
		0B192FF01E15069900C74445 /* main.m in Sources */ = {isa = PBXBuildFile; fileRef = 0B192FEF1E15069900C74445 /* main.m */; };
		0B192FF31E15069900C74445 /* AppDelegate.m in Sources */ = {isa = PBXBuildFile; fileRef = 0B192FF21E15069900C74445 /* AppDelegate.m */; };
		0B192FF61E15069900C74445 /* ViewController.m in Sources */ = {isa = PBXBuildFile; fileRef = 0B192FF51E15069900C74445 /* ViewController.m */; };
		0B192FF91E15069900C74445 /* Main.storyboard in Resources */ = {isa = PBXBuildFile; fileRef = 0B192FF71E15069900C74445 /* Main.storyboard */; };
		0B192FFB1E15069900C74445 /* Assets.xcassets in Resources */ = {isa = PBXBuildFile; fileRef = 0B192FFA1E15069900C74445 /* Assets.xcassets */; };
		0B192FFE1E15069900C74445 /* LaunchScreen.storyboard in Resources */ = {isa = PBXBuildFile; fileRef = 0B192FFC1E15069900C74445 /* LaunchScreen.storyboard */; };
		0B1930091E15069900C74445 /* js_ocTests.m in Sources */ = {isa = PBXBuildFile; fileRef = 0B1930081E15069900C74445 /* js_ocTests.m */; };
		0B1930141E15069900C74445 /* js_ocUITests.m in Sources */ = {isa = PBXBuildFile; fileRef = 0B1930131E15069900C74445 /* js_ocUITests.m */; };
/* End PBXBuildFile section */

/* Begin PBXContainerItemProxy section */
		0B1930051E15069900C74445 /* PBXContainerItemProxy */ = {
			isa = PBXContainerItemProxy;
			containerPortal = 0B192FE31E15069900C74445 /* Project object */;
			proxyType = 1;
			remoteGlobalIDString = 0B192FEA1E15069900C74445;
			remoteInfo = "js-oc";
		};
		0B1930101E15069900C74445 /* PBXContainerItemProxy */ = {
			isa = PBXContainerItemProxy;
			containerPortal = 0B192FE31E15069900C74445 /* Project object */;
			proxyType = 1;
			remoteGlobalIDString = 0B192FEA1E15069900C74445;
			remoteInfo = "js-oc";
		};
/* End PBXContainerItemProxy section */

/* Begin PBXFileReference section */
		0B192FEB1E15069900C74445 /* js-oc.app */ = {isa = PBXFileReference; explicitFileType = wrapper.application; includeInIndex = 0; path = "js-oc.app"; sourceTree = BUILT_PRODUCTS_DIR; };
		0B192FEF1E15069900C74445 /* main.m */ = {isa = PBXFileReference; lastKnownFileType = sourcecode.c.objc; path = main.m; sourceTree = "<group>"; };
		0B192FF11E15069900C74445 /* AppDelegate.h */ = {isa = PBXFileReference; lastKnownFileType = sourcecode.c.h; path = AppDelegate.h; sourceTree = "<group>"; };
		0B192FF21E15069900C74445 /* AppDelegate.m */ = {isa = PBXFileReference; lastKnownFileType = sourcecode.c.objc; path = AppDelegate.m; sourceTree = "<group>"; };
		0B192FF41E15069900C74445 /* ViewController.h */ = {isa = PBXFileReference; lastKnownFileType = sourcecode.c.h; path = ViewController.h; sourceTree = "<group>"; };
		0B192FF51E15069900C74445 /* ViewController.m */ = {isa = PBXFileReference; lastKnownFileType = sourcecode.c.objc; path = ViewController.m; sourceTree = "<group>"; };
		0B192FF81E15069900C74445 /* Base */ = {isa = PBXFileReference; lastKnownFileType = file.storyboard; name = Base; path = Base.lproj/Main.storyboard; sourceTree = "<group>"; };
		0B192FFA1E15069900C74445 /* Assets.xcassets */ = {isa = PBXFileReference; lastKnownFileType = folder.assetcatalog; path = Assets.xcassets; sourceTree = "<group>"; };
		0B192FFD1E15069900C74445 /* Base */ = {isa = PBXFileReference; lastKnownFileType = file.storyboard; name = Base; path = Base.lproj/LaunchScreen.storyboard; sourceTree = "<group>"; };
		0B192FFF1E15069900C74445 /* Info.plist */ = {isa = PBXFileReference; lastKnownFileType = text.plist.xml; path = Info.plist; sourceTree = "<group>"; };
		0B1930041E15069900C74445 /* js-ocTests.xctest */ = {isa = PBXFileReference; explicitFileType = wrapper.cfbundle; includeInIndex = 0; path = "js-ocTests.xctest"; sourceTree = BUILT_PRODUCTS_DIR; };
		0B1930081E15069900C74445 /* js_ocTests.m */ = {isa = PBXFileReference; lastKnownFileType = sourcecode.c.objc; path = js_ocTests.m; sourceTree = "<group>"; };
		0B19300A1E15069900C74445 /* Info.plist */ = {isa = PBXFileReference; lastKnownFileType = text.plist.xml; path = Info.plist; sourceTree = "<group>"; };
		0B19300F1E15069900C74445 /* js-ocUITests.xctest */ = {isa = PBXFileReference; explicitFileType = wrapper.cfbundle; includeInIndex = 0; path = "js-ocUITests.xctest"; sourceTree = BUILT_PRODUCTS_DIR; };
		0B1930131E15069900C74445 /* js_ocUITests.m */ = {isa = PBXFileReference; lastKnownFileType = sourcecode.c.objc; path = js_ocUITests.m; sourceTree = "<group>"; };
		0B1930151E15069900C74445 /* Info.plist */ = {isa = PBXFileReference; lastKnownFileType = text.plist.xml; path = Info.plist; sourceTree = "<group>"; };
/* End PBXFileReference section */

/* Begin PBXFrameworksBuildPhase section */
		0B192FE81E15069900C74445 /* Frameworks */ = {
			isa = PBXFrameworksBuildPhase;
			buildActionMask = 2147483647;
			files = (
			);
			runOnlyForDeploymentPostprocessing = 0;
		};
		0B1930011E15069900C74445 /* Frameworks */ = {
			isa = PBXFrameworksBuildPhase;
			buildActionMask = 2147483647;
			files = (
			);
			runOnlyForDeploymentPostprocessing = 0;
		};
		0B19300C1E15069900C74445 /* Frameworks */ = {
			isa = PBXFrameworksBuildPhase;
			buildActionMask = 2147483647;
			files = (
			);
			runOnlyForDeploymentPostprocessing = 0;
		};
/* End PBXFrameworksBuildPhase section */

/* Begin PBXGroup section */
		0B192FE21E15069900C74445 = {
			isa = PBXGroup;
			children = (
				0B192FED1E15069900C74445 /* js-oc */,
				0B1930071E15069900C74445 /* js-ocTests */,
				0B1930121E15069900C74445 /* js-ocUITests */,
				0B192FEC1E15069900C74445 /* Products */,
			);
			sourceTree = "<group>";
		};
		0B192FEC1E15069900C74445 /* Products */ = {
			isa = PBXGroup;
			children = (
				0B192FEB1E15069900C74445 /* js-oc.app */,
				0B1930041E15069900C74445 /* js-ocTests.xctest */,
				0B19300F1E15069900C74445 /* js-ocUITests.xctest */,
			);
			name = Products;
			sourceTree = "<group>";
		};
		0B192FED1E15069900C74445 /* js-oc */ = {
			isa = PBXGroup;
			children = (
				0B192FF11E15069900C74445 /* AppDelegate.h */,
				0B192FF21E15069900C74445 /* AppDelegate.m */,
				0B192FF41E15069900C74445 /* ViewController.h */,
				0B192FF51E15069900C74445 /* ViewController.m */,
				0B192FF71E15069900C74445 /* Main.storyboard */,
				0B192FFA1E15069900C74445 /* Assets.xcassets */,
				0B192FFC1E15069900C74445 /* LaunchScreen.storyboard */,
				0B192FFF1E15069900C74445 /* Info.plist */,
				0B192FEE1E15069900C74445 /* Supporting Files */,
			);
			path = "js-oc";
			sourceTree = "<group>";
		};
		0B192FEE1E15069900C74445 /* Supporting Files */ = {
			isa = PBXGroup;
			children = (
				0B192FEF1E15069900C74445 /* main.m */,
			);
			name = "Supporting Files";
			sourceTree = "<group>";
		};
		0B1930071E15069900C74445 /* js-ocTests */ = {
			isa = PBXGroup;
			children = (
				0B1930081E15069900C74445 /* js_ocTests.m */,
				0B19300A1E15069900C74445 /* Info.plist */,
			);
			path = "js-ocTests";
			sourceTree = "<group>";
		};
		0B1930121E15069900C74445 /* js-ocUITests */ = {
			isa = PBXGroup;
			children = (
				0B1930131E15069900C74445 /* js_ocUITests.m */,
				0B1930151E15069900C74445 /* Info.plist */,
			);
			path = "js-ocUITests";
			sourceTree = "<group>";
		};
/* End PBXGroup section */

/* Begin PBXNativeTarget section */
		0B192FEA1E15069900C74445 /* js-oc */ = {
			isa = PBXNativeTarget;
			buildConfigurationList = 0B1930181E15069900C74445 /* Build configuration list for PBXNativeTarget "js-oc" */;
			buildPhases = (
				0B192FE71E15069900C74445 /* Sources */,
				0B192FE81E15069900C74445 /* Frameworks */,
				0B192FE91E15069900C74445 /* Resources */,
			);
			buildRules = (
			);
			dependencies = (
			);
			name = "js-oc";
			productName = "js-oc";
			productReference = 0B192FEB1E15069900C74445 /* js-oc.app */;
			productType = "com.apple.product-type.application";
		};
		0B1930031E15069900C74445 /* js-ocTests */ = {
			isa = PBXNativeTarget;
			buildConfigurationList = 0B19301B1E15069900C74445 /* Build configuration list for PBXNativeTarget "js-ocTests" */;
			buildPhases = (
				0B1930001E15069900C74445 /* Sources */,
				0B1930011E15069900C74445 /* Frameworks */,
				0B1930021E15069900C74445 /* Resources */,
			);
			buildRules = (
			);
			dependencies = (
				0B1930061E15069900C74445 /* PBXTargetDependency */,
			);
			name = "js-ocTests";
			productName = "js-ocTests";
			productReference = 0B1930041E15069900C74445 /* js-ocTests.xctest */;
			productType = "com.apple.product-type.bundle.unit-test";
		};
		0B19300E1E15069900C74445 /* js-ocUITests */ = {
			isa = PBXNativeTarget;
			buildConfigurationList = 0B19301E1E15069900C74445 /* Build configuration list for PBXNativeTarget "js-ocUITests" */;
			buildPhases = (
				0B19300B1E15069900C74445 /* Sources */,
				0B19300C1E15069900C74445 /* Frameworks */,
				0B19300D1E15069900C74445 /* Resources */,
			);
			buildRules = (
			);
			dependencies = (
				0B1930111E15069900C74445 /* PBXTargetDependency */,
			);
			name = "js-ocUITests";
			productName = "js-ocUITests";
			productReference = 0B19300F1E15069900C74445 /* js-ocUITests.xctest */;
			productType = "com.apple.product-type.bundle.ui-testing";
		};
/* End PBXNativeTarget section */

/* Begin PBXProject section */
		0B192FE31E15069900C74445 /* Project object */ = {
			isa = PBXProject;
			attributes = {
				LastUpgradeCheck = 0810;
				ORGANIZATIONNAME = "song ximing";
				TargetAttributes = {
					0B192FEA1E15069900C74445 = {
						CreatedOnToolsVersion = 8.1;
						ProvisioningStyle = Automatic;
					};
					0B1930031E15069900C74445 = {
						CreatedOnToolsVersion = 8.1;
						ProvisioningStyle = Automatic;
						TestTargetID = 0B192FEA1E15069900C74445;
					};
					0B19300E1E15069900C74445 = {
						CreatedOnToolsVersion = 8.1;
						ProvisioningStyle = Automatic;
						TestTargetID = 0B192FEA1E15069900C74445;
					};
				};
			};
			buildConfigurationList = 0B192FE61E15069900C74445 /* Build configuration list for PBXProject "js-oc" */;
			compatibilityVersion = "Xcode 3.2";
			developmentRegion = English;
			hasScannedForEncodings = 0;
			knownRegions = (
				en,
				Base,
			);
			mainGroup = 0B192FE21E15069900C74445;
			productRefGroup = 0B192FEC1E15069900C74445 /* Products */;
			projectDirPath = "";
			projectRoot = "";
			targets = (
				0B192FEA1E15069900C74445 /* js-oc */,
				0B1930031E15069900C74445 /* js-ocTests */,
				0B19300E1E15069900C74445 /* js-ocUITests */,
			);
		};
/* End PBXProject section */

/* Begin PBXResourcesBuildPhase section */
		0B192FE91E15069900C74445 /* Resources */ = {
			isa = PBXResourcesBuildPhase;
			buildActionMask = 2147483647;
			files = (
				0B192FFE1E15069900C74445 /* LaunchScreen.storyboard in Resources */,
				0B192FFB1E15069900C74445 /* Assets.xcassets in Resources */,
				0B192FF91E15069900C74445 /* Main.storyboard in Resources */,
			);
			runOnlyForDeploymentPostprocessing = 0;
		};
		0B1930021E15069900C74445 /* Resources */ = {
			isa = PBXResourcesBuildPhase;
			buildActionMask = 2147483647;
			files = (
			);
			runOnlyForDeploymentPostprocessing = 0;
		};
		0B19300D1E15069900C74445 /* Resources */ = {
			isa = PBXResourcesBuildPhase;
			buildActionMask = 2147483647;
			files = (
			);
			runOnlyForDeploymentPostprocessing = 0;
		};
/* End PBXResourcesBuildPhase section */

/* Begin PBXSourcesBuildPhase section */
		0B192FE71E15069900C74445 /* Sources */ = {
			isa = PBXSourcesBuildPhase;
			buildActionMask = 2147483647;
			files = (
				0B192FF61E15069900C74445 /* ViewController.m in Sources */,
				0B192FF31E15069900C74445 /* AppDelegate.m in Sources */,
				0B192FF01E15069900C74445 /* main.m in Sources */,
			);
			runOnlyForDeploymentPostprocessing = 0;
		};
		0B1930001E15069900C74445 /* Sources */ = {
			isa = PBXSourcesBuildPhase;
			buildActionMask = 2147483647;
			files = (
				0B1930091E15069900C74445 /* js_ocTests.m in Sources */,
			);
			runOnlyForDeploymentPostprocessing = 0;
		};
		0B19300B1E15069900C74445 /* Sources */ = {
			isa = PBXSourcesBuildPhase;
			buildActionMask = 2147483647;
			files = (
				0B1930141E15069900C74445 /* js_ocUITests.m in Sources */,
			);
			runOnlyForDeploymentPostprocessing = 0;
		};
/* End PBXSourcesBuildPhase section */

/* Begin PBXTargetDependency section */
		0B1930061E15069900C74445 /* PBXTargetDependency */ = {
			isa = PBXTargetDependency;
			target = 0B192FEA1E15069900C74445 /* js-oc */;
			targetProxy = 0B1930051E15069900C74445 /* PBXContainerItemProxy */;
		};
		0B1930111E15069900C74445 /* PBXTargetDependency */ = {
			isa = PBXTargetDependency;
			target = 0B192FEA1E15069900C74445 /* js-oc */;
			targetProxy = 0B1930101E15069900C74445 /* PBXContainerItemProxy */;
		};
/* End PBXTargetDependency section */

/* Begin PBXVariantGroup section */
		0B192FF71E15069900C74445 /* Main.storyboard */ = {
			isa = PBXVariantGroup;
			children = (
				0B192FF81E15069900C74445 /* Base */,
			);
			name = Main.storyboard;
			sourceTree = "<group>";
		};
		0B192FFC1E15069900C74445 /* LaunchScreen.storyboard */ = {
			isa = PBXVariantGroup;
			children = (
				0B192FFD1E15069900C74445 /* Base */,
			);
			name = LaunchScreen.storyboard;
			sourceTree = "<group>";
		};
/* End PBXVariantGroup section */

/* Begin XCBuildConfiguration section */
		0B1930161E15069900C74445 /* Debug */ = {
			isa = XCBuildConfiguration;
			buildSettings = {
				ALWAYS_SEARCH_USER_PATHS = NO;
				CLANG_ANALYZER_NONNULL = YES;
				CLANG_CXX_LANGUAGE_STANDARD = "gnu++0x";
				CLANG_CXX_LIBRARY = "libc++";
				CLANG_ENABLE_MODULES = YES;
				CLANG_ENABLE_OBJC_ARC = YES;
				CLANG_WARN_BOOL_CONVERSION = YES;
				CLANG_WARN_CONSTANT_CONVERSION = YES;
				CLANG_WARN_DIRECT_OBJC_ISA_USAGE = YES_ERROR;
				CLANG_WARN_DOCUMENTATION_COMMENTS = YES;
				CLANG_WARN_EMPTY_BODY = YES;
				CLANG_WARN_ENUM_CONVERSION = YES;
				CLANG_WARN_INFINITE_RECURSION = YES;
				CLANG_WARN_INT_CONVERSION = YES;
				CLANG_WARN_OBJC_ROOT_CLASS = YES_ERROR;
				CLANG_WARN_SUSPICIOUS_MOVES = YES;
				CLANG_WARN_UNREACHABLE_CODE = YES;
				CLANG_WARN__DUPLICATE_METHOD_MATCH = YES;
				"CODE_SIGN_IDENTITY[sdk=iphoneos*]" = "iPhone Developer";
				COPY_PHASE_STRIP = NO;
				DEBUG_INFORMATION_FORMAT = dwarf;
				ENABLE_STRICT_OBJC_MSGSEND = YES;
				ENABLE_TESTABILITY = YES;
				GCC_C_LANGUAGE_STANDARD = gnu99;
				GCC_DYNAMIC_NO_PIC = NO;
				GCC_NO_COMMON_BLOCKS = YES;
				GCC_OPTIMIZATION_LEVEL = 0;
				GCC_PREPROCESSOR_DEFINITIONS = (
					"DEBUG=1",
					"$(inherited)",
				);
				GCC_WARN_64_TO_32_BIT_CONVERSION = YES;
				GCC_WARN_ABOUT_RETURN_TYPE = YES_ERROR;
				GCC_WARN_UNDECLARED_SELECTOR = YES;
				GCC_WARN_UNINITIALIZED_AUTOS = YES_AGGRESSIVE;
				GCC_WARN_UNUSED_FUNCTION = YES;
				GCC_WARN_UNUSED_VARIABLE = YES;
				IPHONEOS_DEPLOYMENT_TARGET = 10.1;
				MTL_ENABLE_DEBUG_INFO = YES;
				ONLY_ACTIVE_ARCH = YES;
				SDKROOT = iphoneos;
				TARGETED_DEVICE_FAMILY = "1,2";
			};
			name = Debug;
		};
		0B1930171E15069900C74445 /* Release */ = {
			isa = XCBuildConfiguration;
			buildSettings = {
				ALWAYS_SEARCH_USER_PATHS = NO;
				CLANG_ANALYZER_NONNULL = YES;
				CLANG_CXX_LANGUAGE_STANDARD = "gnu++0x";
				CLANG_CXX_LIBRARY = "libc++";
				CLANG_ENABLE_MODULES = YES;
				CLANG_ENABLE_OBJC_ARC = YES;
				CLANG_WARN_BOOL_CONVERSION = YES;
				CLANG_WARN_CONSTANT_CONVERSION = YES;
				CLANG_WARN_DIRECT_OBJC_ISA_USAGE = YES_ERROR;
				CLANG_WARN_DOCUMENTATION_COMMENTS = YES;
				CLANG_WARN_EMPTY_BODY = YES;
				CLANG_WARN_ENUM_CONVERSION = YES;
				CLANG_WARN_INFINITE_RECURSION = YES;
				CLANG_WARN_INT_CONVERSION = YES;
				CLANG_WARN_OBJC_ROOT_CLASS = YES_ERROR;
				CLANG_WARN_SUSPICIOUS_MOVES = YES;
				CLANG_WARN_UNREACHABLE_CODE = YES;
				CLANG_WARN__DUPLICATE_METHOD_MATCH = YES;
				"CODE_SIGN_IDENTITY[sdk=iphoneos*]" = "iPhone Developer";
				COPY_PHASE_STRIP = NO;
				DEBUG_INFORMATION_FORMAT = "dwarf-with-dsym";
				ENABLE_NS_ASSERTIONS = NO;
				ENABLE_STRICT_OBJC_MSGSEND = YES;
				GCC_C_LANGUAGE_STANDARD = gnu99;
				GCC_NO_COMMON_BLOCKS = YES;
				GCC_WARN_64_TO_32_BIT_CONVERSION = YES;
				GCC_WARN_ABOUT_RETURN_TYPE = YES_ERROR;
				GCC_WARN_UNDECLARED_SELECTOR = YES;
				GCC_WARN_UNINITIALIZED_AUTOS = YES_AGGRESSIVE;
				GCC_WARN_UNUSED_FUNCTION = YES;
				GCC_WARN_UNUSED_VARIABLE = YES;
				IPHONEOS_DEPLOYMENT_TARGET = 10.1;
				MTL_ENABLE_DEBUG_INFO = NO;
				SDKROOT = iphoneos;
				TARGETED_DEVICE_FAMILY = "1,2";
				VALIDATE_PRODUCT = YES;
			};
			name = Release;
		};
		0B1930191E15069900C74445 /* Debug */ = {
			isa = XCBuildConfiguration;
			buildSettings = {
				ASSETCATALOG_COMPILER_APPICON_NAME = AppIcon;
				INFOPLIST_FILE = "js-oc/Info.plist";
				LD_RUNPATH_SEARCH_PATHS = "$(inherited) @executable_path/Frameworks";
				PRODUCT_BUNDLE_IDENTIFIER = "ximing.js-oc";
				PRODUCT_NAME = "$(TARGET_NAME)";
			};
			name = Debug;
		};
		0B19301A1E15069900C74445 /* Release */ = {
			isa = XCBuildConfiguration;
			buildSettings = {
				ASSETCATALOG_COMPILER_APPICON_NAME = AppIcon;
				INFOPLIST_FILE = "js-oc/Info.plist";
				LD_RUNPATH_SEARCH_PATHS = "$(inherited) @executable_path/Frameworks";
				PRODUCT_BUNDLE_IDENTIFIER = "ximing.js-oc";
				PRODUCT_NAME = "$(TARGET_NAME)";
			};
			name = Release;
		};
		0B19301C1E15069900C74445 /* Debug */ = {
			isa = XCBuildConfiguration;
			buildSettings = {
				BUNDLE_LOADER = "$(TEST_HOST)";
				INFOPLIST_FILE = "js-ocTests/Info.plist";
				LD_RUNPATH_SEARCH_PATHS = "$(inherited) @executable_path/Frameworks @loader_path/Frameworks";
				PRODUCT_BUNDLE_IDENTIFIER = "ximing.js-ocTests";
				PRODUCT_NAME = "$(TARGET_NAME)";
				TEST_HOST = "$(BUILT_PRODUCTS_DIR)/js-oc.app/js-oc";
			};
			name = Debug;
		};
		0B19301D1E15069900C74445 /* Release */ = {
			isa = XCBuildConfiguration;
			buildSettings = {
				BUNDLE_LOADER = "$(TEST_HOST)";
				INFOPLIST_FILE = "js-ocTests/Info.plist";
				LD_RUNPATH_SEARCH_PATHS = "$(inherited) @executable_path/Frameworks @loader_path/Frameworks";
				PRODUCT_BUNDLE_IDENTIFIER = "ximing.js-ocTests";
				PRODUCT_NAME = "$(TARGET_NAME)";
				TEST_HOST = "$(BUILT_PRODUCTS_DIR)/js-oc.app/js-oc";
			};
			name = Release;
		};
		0B19301F1E15069900C74445 /* Debug */ = {
			isa = XCBuildConfiguration;
			buildSettings = {
				INFOPLIST_FILE = "js-ocUITests/Info.plist";
				LD_RUNPATH_SEARCH_PATHS = "$(inherited) @executable_path/Frameworks @loader_path/Frameworks";
				PRODUCT_BUNDLE_IDENTIFIER = "ximing.js-ocUITests";
				PRODUCT_NAME = "$(TARGET_NAME)";
				TEST_TARGET_NAME = "js-oc";
			};
			name = Debug;
		};
		0B1930201E15069900C74445 /* Release */ = {
			isa = XCBuildConfiguration;
			buildSettings = {
				INFOPLIST_FILE = "js-ocUITests/Info.plist";
				LD_RUNPATH_SEARCH_PATHS = "$(inherited) @executable_path/Frameworks @loader_path/Frameworks";
				PRODUCT_BUNDLE_IDENTIFIER = "ximing.js-ocUITests";
				PRODUCT_NAME = "$(TARGET_NAME)";
				TEST_TARGET_NAME = "js-oc";
			};
			name = Release;
		};
/* End XCBuildConfiguration section */

/* Begin XCConfigurationList section */
		0B192FE61E15069900C74445 /* Build configuration list for PBXProject "js-oc" */ = {
			isa = XCConfigurationList;
			buildConfigurations = (
				0B1930161E15069900C74445 /* Debug */,
				0B1930171E15069900C74445 /* Release */,
			);
			defaultConfigurationIsVisible = 0;
			defaultConfigurationName = Release;
		};
		0B1930181E15069900C74445 /* Build configuration list for PBXNativeTarget "js-oc" */ = {
			isa = XCConfigurationList;
			buildConfigurations = (
				0B1930191E15069900C74445 /* Debug */,
				0B19301A1E15069900C74445 /* Release */,
			);
			defaultConfigurationIsVisible = 0;
		};
		0B19301B1E15069900C74445 /* Build configuration list for PBXNativeTarget "js-ocTests" */ = {
			isa = XCConfigurationList;
			buildConfigurations = (
				0B19301C1E15069900C74445 /* Debug */,
				0B19301D1E15069900C74445 /* Release */,
			);
			defaultConfigurationIsVisible = 0;
		};
		0B19301E1E15069900C74445 /* Build configuration list for PBXNativeTarget "js-ocUITests" */ = {
			isa = XCConfigurationList;
			buildConfigurations = (
				0B19301F1E15069900C74445 /* Debug */,
				0B1930201E15069900C74445 /* Release */,
			);
			defaultConfigurationIsVisible = 0;
		};
/* End XCConfigurationList section */
	};
	rootObject = 0B192FE31E15069900C74445 /* Project object */;
}
